
Microsoft Visual Studio Solution File, Format Version 12.00
# Visual Studio Version 16
VisualStudioVersion = 16.0.29609.76
MinimumVisualStudioVersion = 10.0.40219.1
Project("{FAE04EC0-301F-11D3-BF4B-00C04F79EFBC}") = "Maturski rad", "Maturski rad\Maturski rad.csproj", "{9FB42B52-9A3F-4248-A0BC-1A45E20BFC2D}"
EndProject
Global
	GlobalSection(SolutionConfigurationPlatforms) = preSolution
		Debug|Any CPU = Debug|Any CPU
		Release|Any CPU = Release|Any CPU
	EndGlobalSection
	GlobalSection(ProjectConfigurationPlatforms) = postSolution
		{9FB42B52-9A3F-4248-A0BC-1A45E20BFC2D}.Debug|Any CPU.ActiveCfg = Debug|Any CPU
		{9FB42B52-9A3F-4248-A0BC-1A45E20BFC2D}.Debug|Any CPU.Build.0 = Debug|Any CPU
		{9FB42B52-9A3F-4248-A0BC-1A45E20BFC2D}.Release|Any CPU.ActiveCfg = Debug|Any CPU
		{9FB42B52-9A3F-4248-A0BC-1A45E20BFC2D}.Release|Any CPU.Build.0 = Debug|Any CPU
	EndGlobalSection
	GlobalSection(SolutionProperties) = preSolution
		HideSolutionNode = FALSE
	EndGlobalSection
	GlobalSection(ExtensibilityGlobals) = postSolution
		SolutionGuid = {B7EC0101-34F0-4290-AFD1-A794D1B11C44}
	EndGlobalSection
EndGlobal
